// !$*UTF8*$!
{
	archiveVersion = 1;
	classes = {
	};
	objectVersion = 46;
	objects = {

/* Begin PBXBuildFile section */
		BC3033AA1EDF7FFD00332952 /* ContentView.swift in Sources */ = {isa = PBXBuildFile; fileRef = BC3033A91EDF7FFD00332952 /* ContentView.swift */; };
		BC4C49251EB8530900E149E8 /* ContentViewController.swift in Sources */ = {isa = PBXBuildFile; fileRef = BC4C49241EB8530900E149E8 /* ContentViewController.swift */; };
		BC774FE51EA73F4B009B9B38 /* AppDelegate.swift in Sources */ = {isa = PBXBuildFile; fileRef = BC774FE41EA73F4B009B9B38 /* AppDelegate.swift */; };
		BC774FE71EA73F4B009B9B38 /* ViewController.swift in Sources */ = {isa = PBXBuildFile; fileRef = BC774FE61EA73F4B009B9B38 /* ViewController.swift */; };
		BC774FED1EA73F4B009B9B38 /* costPerWear.xcdatamodeld in Sources */ = {isa = PBXBuildFile; fileRef = BC774FEB1EA73F4B009B9B38 /* costPerWear.xcdatamodeld */; };
		BC774FEF1EA73F4B009B9B38 /* Assets.xcassets in Resources */ = {isa = PBXBuildFile; fileRef = BC774FEE1EA73F4B009B9B38 /* Assets.xcassets */; };
		BC774FF21EA73F4B009B9B38 /* LaunchScreen.storyboard in Resources */ = {isa = PBXBuildFile; fileRef = BC774FF01EA73F4B009B9B38 /* LaunchScreen.storyboard */; };
		BC7750031EA81C29009B9B38 /* ItemDetailView.swift in Sources */ = {isa = PBXBuildFile; fileRef = BC7750021EA81C29009B9B38 /* ItemDetailView.swift */; };
		BC7750051EA81C82009B9B38 /* ItemDetailViewController.swift in Sources */ = {isa = PBXBuildFile; fileRef = BC7750041EA81C82009B9B38 /* ItemDetailViewController.swift */; };
		BC7750071EA9B74E009B9B38 /* ItemDetail.swift in Sources */ = {isa = PBXBuildFile; fileRef = BC7750061EA9B74E009B9B38 /* ItemDetail.swift */; };
		BCCD9A5C1EAAABA5003C64E0 /* NewItemDetailViewController.swift in Sources */ = {isa = PBXBuildFile; fileRef = BCCD9A5B1EAAABA5003C64E0 /* NewItemDetailViewController.swift */; };
		E84967BA077C4173C14BE0F3 /* Pods_costPerWear.framework in Frameworks */ = {isa = PBXBuildFile; fileRef = D9D036BDF4FACFA72DFCE381 /* Pods_costPerWear.framework */; };
/* End PBXBuildFile section */

/* Begin PBXFileReference section */
		23DC76F3BFC357CD4672D41C /* Pods-costPerWear.release.xcconfig */ = {isa = PBXFileReference; includeInIndex = 1; lastKnownFileType = text.xcconfig; name = "Pods-costPerWear.release.xcconfig"; path = "Pods/Target Support Files/Pods-costPerWear/Pods-costPerWear.release.xcconfig"; sourceTree = "<group>"; };
		BC3033A91EDF7FFD00332952 /* ContentView.swift */ = {isa = PBXFileReference; fileEncoding = 4; lastKnownFileType = sourcecode.swift; path = ContentView.swift; sourceTree = "<group>"; };
		BC4C49241EB8530900E149E8 /* ContentViewController.swift */ = {isa = PBXFileReference; fileEncoding = 4; lastKnownFileType = sourcecode.swift; path = ContentViewController.swift; sourceTree = "<group>"; };
		BC774FE11EA73F4B009B9B38 /* costPerWear.app */ = {isa = PBXFileReference; explicitFileType = wrapper.application; includeInIndex = 0; path = costPerWear.app; sourceTree = BUILT_PRODUCTS_DIR; };
		BC774FE41EA73F4B009B9B38 /* AppDelegate.swift */ = {isa = PBXFileReference; lastKnownFileType = sourcecode.swift; path = AppDelegate.swift; sourceTree = "<group>"; };
		BC774FE61EA73F4B009B9B38 /* ViewController.swift */ = {isa = PBXFileReference; lastKnownFileType = sourcecode.swift; path = ViewController.swift; sourceTree = "<group>"; };
		BC774FEC1EA73F4B009B9B38 /* costPerWear.xcdatamodel */ = {isa = PBXFileReference; lastKnownFileType = wrapper.xcdatamodel; path = costPerWear.xcdatamodel; sourceTree = "<group>"; };
		BC774FEE1EA73F4B009B9B38 /* Assets.xcassets */ = {isa = PBXFileReference; lastKnownFileType = folder.assetcatalog; path = Assets.xcassets; sourceTree = "<group>"; };
		BC774FF11EA73F4B009B9B38 /* Base */ = {isa = PBXFileReference; lastKnownFileType = file.storyboard; name = Base; path = Base.lproj/LaunchScreen.storyboard; sourceTree = "<group>"; };
		BC774FF31EA73F4B009B9B38 /* Info.plist */ = {isa = PBXFileReference; lastKnownFileType = text.plist.xml; path = Info.plist; sourceTree = "<group>"; };
		BC7750021EA81C29009B9B38 /* ItemDetailView.swift */ = {isa = PBXFileReference; fileEncoding = 4; lastKnownFileType = sourcecode.swift; path = ItemDetailView.swift; sourceTree = "<group>"; };
		BC7750041EA81C82009B9B38 /* ItemDetailViewController.swift */ = {isa = PBXFileReference; fileEncoding = 4; lastKnownFileType = sourcecode.swift; path = ItemDetailViewController.swift; sourceTree = "<group>"; };
		BC7750061EA9B74E009B9B38 /* ItemDetail.swift */ = {isa = PBXFileReference; fileEncoding = 4; lastKnownFileType = sourcecode.swift; path = ItemDetail.swift; sourceTree = "<group>"; };
		BCCD9A5B1EAAABA5003C64E0 /* NewItemDetailViewController.swift */ = {isa = PBXFileReference; fileEncoding = 4; lastKnownFileType = sourcecode.swift; path = NewItemDetailViewController.swift; sourceTree = "<group>"; };
		D9D036BDF4FACFA72DFCE381 /* Pods_costPerWear.framework */ = {isa = PBXFileReference; explicitFileType = wrapper.framework; includeInIndex = 0; path = Pods_costPerWear.framework; sourceTree = BUILT_PRODUCTS_DIR; };
		EC32A6F38C8C6C8B57026FBE /* Pods-costPerWear.debug.xcconfig */ = {isa = PBXFileReference; includeInIndex = 1; lastKnownFileType = text.xcconfig; name = "Pods-costPerWear.debug.xcconfig"; path = "Pods/Target Support Files/Pods-costPerWear/Pods-costPerWear.debug.xcconfig"; sourceTree = "<group>"; };
/* End PBXFileReference section */

/* Begin PBXFrameworksBuildPhase section */
		BC774FDE1EA73F4B009B9B38 /* Frameworks */ = {
			isa = PBXFrameworksBuildPhase;
			buildActionMask = 2147483647;
			files = (
				E84967BA077C4173C14BE0F3 /* Pods_costPerWear.framework in Frameworks */,
			);
			runOnlyForDeploymentPostprocessing = 0;
		};
/* End PBXFrameworksBuildPhase section */

/* Begin PBXGroup section */
		16E750742743CA58B6498D6A /* Pods */ = {
			isa = PBXGroup;
			children = (
				EC32A6F38C8C6C8B57026FBE /* Pods-costPerWear.debug.xcconfig */,
				23DC76F3BFC357CD4672D41C /* Pods-costPerWear.release.xcconfig */,
			);
			name = Pods;
			sourceTree = "<group>";
		};
		42742CD729DD003BC7806DE8 /* Frameworks */ = {
			isa = PBXGroup;
			children = (
				D9D036BDF4FACFA72DFCE381 /* Pods_costPerWear.framework */,
			);
			name = Frameworks;
			sourceTree = "<group>";
		};
		BC774FD81EA73F4A009B9B38 = {
			isa = PBXGroup;
			children = (
				BC774FE31EA73F4B009B9B38 /* costPerWear */,
				BC774FE21EA73F4B009B9B38 /* Products */,
				16E750742743CA58B6498D6A /* Pods */,
				42742CD729DD003BC7806DE8 /* Frameworks */,
			);
			sourceTree = "<group>";
		};
		BC774FE21EA73F4B009B9B38 /* Products */ = {
			isa = PBXGroup;
			children = (
				BC774FE11EA73F4B009B9B38 /* costPerWear.app */,
			);
			name = Products;
			sourceTree = "<group>";
		};
		BC774FE31EA73F4B009B9B38 /* costPerWear */ = {
			isa = PBXGroup;
			children = (
				BC774FE41EA73F4B009B9B38 /* AppDelegate.swift */,
				BC7750011EA81915009B9B38 /* View */,
				BC774FFF1EA818C4009B9B38 /* Model */,
				BC7750001EA818D5009B9B38 /* Controller */,
				BC774FE61EA73F4B009B9B38 /* ViewController.swift */,
				BC774FEE1EA73F4B009B9B38 /* Assets.xcassets */,
				BC774FF31EA73F4B009B9B38 /* Info.plist */,
				BC774FEB1EA73F4B009B9B38 /* costPerWear.xcdatamodeld */,
			);
			path = costPerWear;
			sourceTree = "<group>";
		};
		BC774FFF1EA818C4009B9B38 /* Model */ = {
			isa = PBXGroup;
			children = (
				BC7750061EA9B74E009B9B38 /* ItemDetail.swift */,
			);
			name = Model;
			sourceTree = "<group>";
		};
		BC7750001EA818D5009B9B38 /* Controller */ = {
			isa = PBXGroup;
			children = (
				BC7750041EA81C82009B9B38 /* ItemDetailViewController.swift */,
				BCCD9A5B1EAAABA5003C64E0 /* NewItemDetailViewController.swift */,
				BC4C49241EB8530900E149E8 /* ContentViewController.swift */,
				BC774FF01EA73F4B009B9B38 /* LaunchScreen.storyboard */,
			);
			name = Controller;
			sourceTree = "<group>";
		};
		BC7750011EA81915009B9B38 /* View */ = {
			isa = PBXGroup;
			children = (
				BC7750021EA81C29009B9B38 /* ItemDetailView.swift */,
				BC3033A91EDF7FFD00332952 /* ContentView.swift */,
			);
			name = View;
			sourceTree = "<group>";
		};
/* End PBXGroup section */

/* Begin PBXNativeTarget section */
		BC774FE01EA73F4B009B9B38 /* costPerWear */ = {
			isa = PBXNativeTarget;
			buildConfigurationList = BC774FF61EA73F4B009B9B38 /* Build configuration list for PBXNativeTarget "costPerWear" */;
			buildPhases = (
				637AB15D15F3BF36A2AFAF1E /* [CP] Check Pods Manifest.lock */,
				BC774FDD1EA73F4B009B9B38 /* Sources */,
				BC774FDE1EA73F4B009B9B38 /* Frameworks */,
				BC774FDF1EA73F4B009B9B38 /* Resources */,
				09584193648AA42B752E3134 /* [CP] Embed Pods Frameworks */,
				12939E8B875835AF7D0FF8E1 /* [CP] Copy Pods Resources */,
			);
			buildRules = (
			);
			dependencies = (
			);
			name = costPerWear;
			productName = costPerWear;
			productReference = BC774FE11EA73F4B009B9B38 /* costPerWear.app */;
			productType = "com.apple.product-type.application";
		};
/* End PBXNativeTarget section */

/* Begin PBXProject section */
		BC774FD91EA73F4A009B9B38 /* Project object */ = {
			isa = PBXProject;
			attributes = {
				LastSwiftUpdateCheck = 0820;
				LastUpgradeCheck = 0820;
				ORGANIZATIONNAME = "Tameika Lawrence";
				TargetAttributes = {
					BC774FE01EA73F4B009B9B38 = {
						CreatedOnToolsVersion = 8.2.1;
						DevelopmentTeam = 5TKXE57N5X;
						ProvisioningStyle = Automatic;
					};
				};
			};
			buildConfigurationList = BC774FDC1EA73F4A009B9B38 /* Build configuration list for PBXProject "costPerWear" */;
			compatibilityVersion = "Xcode 3.2";
			developmentRegion = English;
			hasScannedForEncodings = 0;
			knownRegions = (
				en,
				Base,
			);
			mainGroup = BC774FD81EA73F4A009B9B38;
			productRefGroup = BC774FE21EA73F4B009B9B38 /* Products */;
			projectDirPath = "";
			projectRoot = "";
			targets = (
				BC774FE01EA73F4B009B9B38 /* costPerWear */,
			);
		};
/* End PBXProject section */

/* Begin PBXResourcesBuildPhase section */
		BC774FDF1EA73F4B009B9B38 /* Resources */ = {
			isa = PBXResourcesBuildPhase;
			buildActionMask = 2147483647;
			files = (
				BC774FF21EA73F4B009B9B38 /* LaunchScreen.storyboard in Resources */,
				BC774FEF1EA73F4B009B9B38 /* Assets.xcassets in Resources */,
			);
			runOnlyForDeploymentPostprocessing = 0;
		};
/* End PBXResourcesBuildPhase section */

/* Begin PBXShellScriptBuildPhase section */
		09584193648AA42B752E3134 /* [CP] Embed Pods Frameworks */ = {
			isa = PBXShellScriptBuildPhase;
			buildActionMask = 2147483647;
			files = (
			);
			inputPaths = (
			);
			name = "[CP] Embed Pods Frameworks";
			outputPaths = (
			);
			runOnlyForDeploymentPostprocessing = 0;
			shellPath = /bin/sh;
			shellScript = "\"${SRCROOT}/Pods/Target Support Files/Pods-costPerWear/Pods-costPerWear-frameworks.sh\"\n";
			showEnvVarsInLog = 0;
		};
		12939E8B875835AF7D0FF8E1 /* [CP] Copy Pods Resources */ = {
			isa = PBXShellScriptBuildPhase;
			buildActionMask = 2147483647;
			files = (
			);
			inputPaths = (
			);
			name = "[CP] Copy Pods Resources";
			outputPaths = (
			);
			runOnlyForDeploymentPostprocessing = 0;
			shellPath = /bin/sh;
			shellScript = "\"${SRCROOT}/Pods/Target Support Files/Pods-costPerWear/Pods-costPerWear-resources.sh\"\n";
			showEnvVarsInLog = 0;
		};
		637AB15D15F3BF36A2AFAF1E /* [CP] Check Pods Manifest.lock */ = {
			isa = PBXShellScriptBuildPhase;
			buildActionMask = 2147483647;
			files = (
			);
			inputPaths = (
			);
			name = "[CP] Check Pods Manifest.lock";
			outputPaths = (
			);
			runOnlyForDeploymentPostprocessing = 0;
			shellPath = /bin/sh;
			shellScript = "diff \"${PODS_PODFILE_DIR_PATH}/Podfile.lock\" \"${PODS_ROOT}/Manifest.lock\" > /dev/null\nif [ $? != 0 ] ; then\n    # print error to STDERR\n    echo \"error: The sandbox is not in sync with the Podfile.lock. Run 'pod install' or update your CocoaPods installation.\" >&2\n    exit 1\nfi\n";
			showEnvVarsInLog = 0;
		};
/* End PBXShellScriptBuildPhase section */

/* Begin PBXSourcesBuildPhase section */
		BC774FDD1EA73F4B009B9B38 /* Sources */ = {
			isa = PBXSourcesBuildPhase;
			buildActionMask = 2147483647;
			files = (
				BC4C49251EB8530900E149E8 /* ContentViewController.swift in Sources */,
				BC7750031EA81C29009B9B38 /* ItemDetailView.swift in Sources */,
				BC7750071EA9B74E009B9B38 /* ItemDetail.swift in Sources */,
				BC774FE71EA73F4B009B9B38 /* ViewController.swift in Sources */,
				BC7750051EA81C82009B9B38 /* ItemDetailViewController.swift in Sources */,
				BCCD9A5C1EAAABA5003C64E0 /* NewItemDetailViewController.swift in Sources */,
				BC3033AA1EDF7FFD00332952 /* ContentView.swift in Sources */,
				BC774FE51EA73F4B009B9B38 /* AppDelegate.swift in Sources */,
				BC774FED1EA73F4B009B9B38 /* costPerWear.xcdatamodeld in Sources */,
			);
			runOnlyForDeploymentPostprocessing = 0;
		};
/* End PBXSourcesBuildPhase section */

/* Begin PBXVariantGroup section */
		BC774FF01EA73F4B009B9B38 /* LaunchScreen.storyboard */ = {
			isa = PBXVariantGroup;
			children = (
				BC774FF11EA73F4B009B9B38 /* Base */,
			);
			name = LaunchScreen.storyboard;
			sourceTree = "<group>";
		};
/* End PBXVariantGroup section */

/* Begin XCBuildConfiguration section */
		BC774FF41EA73F4B009B9B38 /* Debug */ = {
			isa = XCBuildConfiguration;
			buildSettings = {
				ALWAYS_SEARCH_USER_PATHS = NO;
				CLANG_ANALYZER_NONNULL = YES;
				CLANG_CXX_LANGUAGE_STANDARD = "gnu++0x";
				CLANG_CXX_LIBRARY = "libc++";
				CLANG_ENABLE_MODULES = YES;
				CLANG_ENABLE_OBJC_ARC = YES;
				CLANG_WARN_BOOL_CONVERSION = YES;
				CLANG_WARN_CONSTANT_CONVERSION = YES;
				CLANG_WARN_DIRECT_OBJC_ISA_USAGE = YES_ERROR;
				CLANG_WARN_DOCUMENTATION_COMMENTS = YES;
				CLANG_WARN_EMPTY_BODY = YES;
				CLANG_WARN_ENUM_CONVERSION = YES;
				CLANG_WARN_INFINITE_RECURSION = YES;
				CLANG_WARN_INT_CONVERSION = YES;
				CLANG_WARN_OBJC_ROOT_CLASS = YES_ERROR;
				CLANG_WARN_SUSPICIOUS_MOVE = YES;
				CLANG_WARN_UNREACHABLE_CODE = YES;
				CLANG_WARN__DUPLICATE_METHOD_MATCH = YES;
				"CODE_SIGN_IDENTITY[sdk=iphoneos*]" = "iPhone Developer";
				COPY_PHASE_STRIP = NO;
				DEBUG_INFORMATION_FORMAT = dwarf;
				ENABLE_STRICT_OBJC_MSGSEND = YES;
				ENABLE_TESTABILITY = YES;
				GCC_C_LANGUAGE_STANDARD = gnu99;
				GCC_DYNAMIC_NO_PIC = NO;
				GCC_NO_COMMON_BLOCKS = YES;
				GCC_OPTIMIZATION_LEVEL = 0;
				GCC_PREPROCESSOR_DEFINITIONS = (
					"DEBUG=1",
					"$(inherited)",
				);
				GCC_WARN_64_TO_32_BIT_CONVERSION = YES;
				GCC_WARN_ABOUT_RETURN_TYPE = YES_ERROR;
				GCC_WARN_UNDECLARED_SELECTOR = YES;
				GCC_WARN_UNINITIALIZED_AUTOS = YES_AGGRESSIVE;
				GCC_WARN_UNUSED_FUNCTION = YES;
				GCC_WARN_UNUSED_VARIABLE = YES;
				IPHONEOS_DEPLOYMENT_TARGET = 10.2;
				MTL_ENABLE_DEBUG_INFO = YES;
				ONLY_ACTIVE_ARCH = YES;
				SDKROOT = iphoneos;
				SWIFT_ACTIVE_COMPILATION_CONDITIONS = DEBUG;
				SWIFT_OPTIMIZATION_LEVEL = "-Onone";
				TARGETED_DEVICE_FAMILY = "1,2";
			};
			name = Debug;
		};
		BC774FF51EA73F4B009B9B38 /* Release */ = {
			isa = XCBuildConfiguration;
			buildSettings = {
				ALWAYS_SEARCH_USER_PATHS = NO;
				CLANG_ANALYZER_NONNULL = YES;
				CLANG_CXX_LANGUAGE_STANDARD = "gnu++0x";
				CLANG_CXX_LIBRARY = "libc++";
				CLANG_ENABLE_MODULES = YES;
				CLANG_ENABLE_OBJC_ARC = YES;
				CLANG_WARN_BOOL_CONVERSION = YES;
				CLANG_WARN_CONSTANT_CONVERSION = YES;
				CLANG_WARN_DIRECT_OBJC_ISA_USAGE = YES_ERROR;
				CLANG_WARN_DOCUMENTATION_COMMENTS = YES;
				CLANG_WARN_EMPTY_BODY = YES;
				CLANG_WARN_ENUM_CONVERSION = YES;
				CLANG_WARN_INFINITE_RECURSION = YES;
				CLANG_WARN_INT_CONVERSION = YES;
				CLANG_WARN_OBJC_ROOT_CLASS = YES_ERROR;
				CLANG_WARN_SUSPICIOUS_MOVE = YES;
				CLANG_WARN_UNREACHABLE_CODE = YES;
				CLANG_WARN__DUPLICATE_METHOD_MATCH = YES;
				"CODE_SIGN_IDENTITY[sdk=iphoneos*]" = "iPhone Developer";
				COPY_PHASE_STRIP = NO;
				DEBUG_INFORMATION_FORMAT = "dwarf-with-dsym";
				ENABLE_NS_ASSERTIONS = NO;
				ENABLE_STRICT_OBJC_MSGSEND = YES;
				GCC_C_LANGUAGE_STANDARD = gnu99;
				GCC_NO_COMMON_BLOCKS = YES;
				GCC_WARN_64_TO_32_BIT_CONVERSION = YES;
				GCC_WARN_ABOUT_RETURN_TYPE = YES_ERROR;
				GCC_WARN_UNDECLARED_SELECTOR = YES;
				GCC_WARN_UNINITIALIZED_AUTOS = YES_AGGRESSIVE;
				GCC_WARN_UNUSED_FUNCTION = YES;
				GCC_WARN_UNUSED_VARIABLE = YES;
				IPHONEOS_DEPLOYMENT_TARGET = 10.2;
				MTL_ENABLE_DEBUG_INFO = NO;
				SDKROOT = iphoneos;
				SWIFT_OPTIMIZATION_LEVEL = "-Owholemodule";
				TARGETED_DEVICE_FAMILY = "1,2";
				VALIDATE_PRODUCT = YES;
			};
			name = Release;
		};
		BC774FF71EA73F4B009B9B38 /* Debug */ = {
			isa = XCBuildConfiguration;
			baseConfigurationReference = EC32A6F38C8C6C8B57026FBE /* Pods-costPerWear.debug.xcconfig */;
			buildSettings = {
				ASSETCATALOG_COMPILER_APPICON_NAME = AppIcon;
				DEVELOPMENT_TEAM = 5TKXE57N5X;
				INFOPLIST_FILE = costPerWear/Info.plist;
				LD_RUNPATH_SEARCH_PATHS = "$(inherited) @executable_path/Frameworks";
				PRODUCT_BUNDLE_IDENTIFIER = com.tameikalawrence.costPerWear;
				PRODUCT_NAME = "$(TARGET_NAME)";
				SWIFT_VERSION = 3.0;
			};
			name = Debug;
		};
		BC774FF81EA73F4B009B9B38 /* Release */ = {
			isa = XCBuildConfiguration;
			baseConfigurationReference = 23DC76F3BFC357CD4672D41C /* Pods-costPerWear.release.xcconfig */;
			buildSettings = {
				ASSETCATALOG_COMPILER_APPICON_NAME = AppIcon;
				DEVELOPMENT_TEAM = 5TKXE57N5X;
				INFOPLIST_FILE = costPerWear/Info.plist;
				LD_RUNPATH_SEARCH_PATHS = "$(inherited) @executable_path/Frameworks";
				PRODUCT_BUNDLE_IDENTIFIER = com.tameikalawrence.costPerWear;
				PRODUCT_NAME = "$(TARGET_NAME)";
				SWIFT_VERSION = 3.0;
			};
			name = Release;
		};
/* End XCBuildConfiguration section */

/* Begin XCConfigurationList section */
		BC774FDC1EA73F4A009B9B38 /* Build configuration list for PBXProject "costPerWear" */ = {
			isa = XCConfigurationList;
			buildConfigurations = (
				BC774FF41EA73F4B009B9B38 /* Debug */,
				BC774FF51EA73F4B009B9B38 /* Release */,
			);
			defaultConfigurationIsVisible = 0;
			defaultConfigurationName = Release;
		};
		BC774FF61EA73F4B009B9B38 /* Build configuration list for PBXNativeTarget "costPerWear" */ = {
			isa = XCConfigurationList;
			buildConfigurations = (
				BC774FF71EA73F4B009B9B38 /* Debug */,
				BC774FF81EA73F4B009B9B38 /* Release */,
			);
			defaultConfigurationIsVisible = 0;
			defaultConfigurationName = Release;
		};
/* End XCConfigurationList section */

/* Begin XCVersionGroup section */
		BC774FEB1EA73F4B009B9B38 /* costPerWear.xcdatamodeld */ = {
			isa = XCVersionGroup;
			children = (
				BC774FEC1EA73F4B009B9B38 /* costPerWear.xcdatamodel */,
			);
			currentVersion = BC774FEC1EA73F4B009B9B38 /* costPerWear.xcdatamodel */;
			path = costPerWear.xcdatamodeld;
			sourceTree = "<group>";
			versionGroupType = wrapper.xcdatamodel;
		};
/* End XCVersionGroup section */
	};
	rootObject = BC774FD91EA73F4A009B9B38 /* Project object */;
}
